// !$*UTF8*$!
{
	archiveVersion = 1;
	classes = {
	};
	objectVersion = 50;
	objects = {

/* Begin PBXBuildFile section */
		28C116A2436248FA3DB4BC92 /* Pods_HistoriasDelLaberinto.framework in Frameworks */ = {isa = PBXBuildFile; fileRef = C1FF6F3C6395790C0848EA61 /* Pods_HistoriasDelLaberinto.framework */; };
		6D45AFB72269C5F700906FBB /* RouterProvider.swift in Sources */ = {isa = PBXBuildFile; fileRef = 6D45AFB62269C5F700906FBB /* RouterProvider.swift */; };
		6D45B01A226A28A900906FBB /* ExampleSceneModule.swift in Sources */ = {isa = PBXBuildFile; fileRef = 6D45B012226A28A900906FBB /* ExampleSceneModule.swift */; };
		6D45B01B226A28A900906FBB /* ExampleSceneRouter.swift in Sources */ = {isa = PBXBuildFile; fileRef = 6D45B013226A28A900906FBB /* ExampleSceneRouter.swift */; };
		6D45B01C226A28A900906FBB /* ExampleSceneWorker.swift in Sources */ = {isa = PBXBuildFile; fileRef = 6D45B014226A28A900906FBB /* ExampleSceneWorker.swift */; };
		6D45B01D226A28A900906FBB /* ExampleSceneModels.swift in Sources */ = {isa = PBXBuildFile; fileRef = 6D45B015226A28A900906FBB /* ExampleSceneModels.swift */; };
		6D45B01E226A28A900906FBB /* ExampleSceneInteractor.swift in Sources */ = {isa = PBXBuildFile; fileRef = 6D45B016226A28A900906FBB /* ExampleSceneInteractor.swift */; };
		6D45B01F226A28A900906FBB /* ExampleScenePresenter.swift in Sources */ = {isa = PBXBuildFile; fileRef = 6D45B017226A28A900906FBB /* ExampleScenePresenter.swift */; };
		6D45B020226A28A900906FBB /* ExampleScene.storyboard in Resources */ = {isa = PBXBuildFile; fileRef = 6D45B018226A28A900906FBB /* ExampleScene.storyboard */; };
		6D45B021226A28A900906FBB /* ExampleSceneViewController.swift in Sources */ = {isa = PBXBuildFile; fileRef = 6D45B019226A28A900906FBB /* ExampleSceneViewController.swift */; };
		6D4B57DC224A9489001779DC /* Room.swift in Sources */ = {isa = PBXBuildFile; fileRef = 6D4B57DB224A9489001779DC /* Room.swift */; };
		6D4B57DE224A9528001779DC /* Action.swift in Sources */ = {isa = PBXBuildFile; fileRef = 6D4B57DD224A9528001779DC /* Action.swift */; };
		6D4B57E0224A9591001779DC /* Condition.swift in Sources */ = {isa = PBXBuildFile; fileRef = 6D4B57DF224A9591001779DC /* Condition.swift */; };
		6D4B57E3224A9621001779DC /* Protagonist.swift in Sources */ = {isa = PBXBuildFile; fileRef = 6D4B57E2224A9621001779DC /* Protagonist.swift */; };
		6D4B57E8224A9A27001779DC /* StatusAilment.swift in Sources */ = {isa = PBXBuildFile; fileRef = 6D4B57E7224A9A27001779DC /* StatusAilment.swift */; };
		6D5D8FF6226861FC00D11390 /* BaseViewController.swift in Sources */ = {isa = PBXBuildFile; fileRef = 6D5D8FF5226861FC00D11390 /* BaseViewController.swift */; };
		6D5D8FF82268620D00D11390 /* ViewCreator.swift in Sources */ = {isa = PBXBuildFile; fileRef = 6D5D8FF72268620D00D11390 /* ViewCreator.swift */; };
		6D5D8FFC226862E500D11390 /* BasePresenter.swift in Sources */ = {isa = PBXBuildFile; fileRef = 6D5D8FFB226862E500D11390 /* BasePresenter.swift */; };
		6D5D8FFE2268644800D11390 /* BaseRouter.swift in Sources */ = {isa = PBXBuildFile; fileRef = 6D5D8FFD2268644800D11390 /* BaseRouter.swift */; };
		6D6DE4B9221DB40600C92B94 /* AppDelegate.swift in Sources */ = {isa = PBXBuildFile; fileRef = 6D6DE4B8221DB40600C92B94 /* AppDelegate.swift */; };
		6D6DE4C3221DB40700C92B94 /* LaunchScreen.storyboard in Resources */ = {isa = PBXBuildFile; fileRef = 6D6DE4C1221DB40700C92B94 /* LaunchScreen.storyboard */; };
		6D75802522899D57009A48D7 /* EventTypeFetcher.swift in Sources */ = {isa = PBXBuildFile; fileRef = 6D75802422899D57009A48D7 /* EventTypeFetcher.swift */; };
		6D81DA2C228B18FE006DF3D0 /* EventsFetcherManager.swift in Sources */ = {isa = PBXBuildFile; fileRef = 6D81DA2B228B18FE006DF3D0 /* EventsFetcherManager.swift */; };
		6D823B222267694400522756 /* EventBuilder.swift in Sources */ = {isa = PBXBuildFile; fileRef = 6D823B212267694400522756 /* EventBuilder.swift */; };
		6D880CDA228ACBF2008D0509 /* loadedGame in Resources */ = {isa = PBXBuildFile; fileRef = 6D880CD9228ACBF2008D0509 /* loadedGame */; };
		6D880CDC228ACBF2008D0509 /* CharactersFile.swift in Sources */ = {isa = PBXBuildFile; fileRef = 6D880CDB228ACBF2008D0509 /* CharactersFile.swift */; };
		6D90B09C225E361500362CDA /* Parser.swift in Sources */ = {isa = PBXBuildFile; fileRef = 6D90B09B225E361500362CDA /* Parser.swift */; };
		6D90B09E225E383200362CDA /* YamlParser.swift in Sources */ = {isa = PBXBuildFile; fileRef = 6D90B09D225E383200362CDA /* YamlParser.swift */; };
		6D92508C2268CA9F00F2A3E3 /* BaseInteractor.swift in Sources */ = {isa = PBXBuildFile; fileRef = 6D92508B2268CA9F00F2A3E3 /* BaseInteractor.swift */; };
		6D9250902268CD3000F2A3E3 /* BaseModels.swift in Sources */ = {isa = PBXBuildFile; fileRef = 6D92508F2268CD3000F2A3E3 /* BaseModels.swift */; };
		6D9A45A522874C3D004F4D0C /* Assets.xcassets in Resources */ = {isa = PBXBuildFile; fileRef = 6D9A45A422874C3D004F4D0C /* Assets.xcassets */; };
		6D9A45AA22874C51004F4D0C /* TestView.storyboard in Resources */ = {isa = PBXBuildFile; fileRef = 6D9A45A722874C51004F4D0C /* TestView.storyboard */; };
		6D9A45AB22874C51004F4D0C /* TestViewController.swift in Sources */ = {isa = PBXBuildFile; fileRef = 6D9A45A922874C51004F4D0C /* TestViewController.swift */; };
		6D9A45AE22874D04004F4D0C /* LoadedGame.xcdatamodeld in Sources */ = {isa = PBXBuildFile; fileRef = 6D9A45AC22874D04004F4D0C /* LoadedGame.xcdatamodeld */; };
		6D9A45B022875045004F4D0C /* ConditionEvent.swift in Sources */ = {isa = PBXBuildFile; fileRef = 6D9A45AF22875045004F4D0C /* ConditionEvent.swift */; };
		6DA2D2502267430800D1B8DF /* ItemsFile.swift in Sources */ = {isa = PBXBuildFile; fileRef = 6DA2D24F2267430800D1B8DF /* ItemsFile.swift */; };
		6DA2D25222674A0100D1B8DF /* EventParser.swift in Sources */ = {isa = PBXBuildFile; fileRef = 6DA2D25122674A0100D1B8DF /* EventParser.swift */; };
		6DA2D25522674A5700D1B8DF /* EventsFile.swift in Sources */ = {isa = PBXBuildFile; fileRef = 6DA2D25422674A5700D1B8DF /* EventsFile.swift */; };
		6DA7E37922917CE2005182BA /* ChoiceEventFetcher.swift in Sources */ = {isa = PBXBuildFile; fileRef = 6DA7E37822917CE2005182BA /* ChoiceEventFetcher.swift */; };
		6DB6AD73229AA38300B436D2 /* ConditionEventFetcher.swift in Sources */ = {isa = PBXBuildFile; fileRef = 6DB6AD72229AA38300B436D2 /* ConditionEventFetcher.swift */; };
		6DB6AD75229AA61900B436D2 /* BattleEventFetcher.swift in Sources */ = {isa = PBXBuildFile; fileRef = 6DB6AD74229AA61900B436D2 /* BattleEventFetcher.swift */; };
		6DB9A90C228DB3BE00F90098 /* DialogueEventFetcher.swift in Sources */ = {isa = PBXBuildFile; fileRef = 6DB9A90B228DB3BE00F90098 /* DialogueEventFetcher.swift */; };
		6DBC01A42254FAE4004A97AD /* Item.swift in Sources */ = {isa = PBXBuildFile; fileRef = 6DBC01A32254FAE4004A97AD /* Item.swift */; };
		6DC67565224BC78400B795B6 /* PlayableCharacter.swift in Sources */ = {isa = PBXBuildFile; fileRef = 6DC67564224BC78400B795B6 /* PlayableCharacter.swift */; };
		6DC67567224BC7A800B795B6 /* ImageRepresentable.swift in Sources */ = {isa = PBXBuildFile; fileRef = 6DC67566224BC7A800B795B6 /* ImageRepresentable.swift */; };
		6DC67569224BC81E00B795B6 /* NotPlayableCharacter.swift in Sources */ = {isa = PBXBuildFile; fileRef = 6DC67568224BC81E00B795B6 /* NotPlayableCharacter.swift */; };
		6DC6756B224BC85400B795B6 /* GameCharacter.swift in Sources */ = {isa = PBXBuildFile; fileRef = 6DC6756A224BC85400B795B6 /* GameCharacter.swift */; };
		6DC67570224BC91E00B795B6 /* Weapon.swift in Sources */ = {isa = PBXBuildFile; fileRef = 6DC6756F224BC91E00B795B6 /* Weapon.swift */; };
		6DC67572224BC99C00B795B6 /* ConsumableItem.swift in Sources */ = {isa = PBXBuildFile; fileRef = 6DC67571224BC99C00B795B6 /* ConsumableItem.swift */; };
		6DC67574224BC9E400B795B6 /* KeyItem.swift in Sources */ = {isa = PBXBuildFile; fileRef = 6DC67573224BC9E400B795B6 /* KeyItem.swift */; };
		6DC67577224BCB6B00B795B6 /* Event.swift in Sources */ = {isa = PBXBuildFile; fileRef = 6DC67576224BCB6B00B795B6 /* Event.swift */; };
		6DC67579224BCCE700B795B6 /* DialogueEvent.swift in Sources */ = {isa = PBXBuildFile; fileRef = 6DC67578224BCCE700B795B6 /* DialogueEvent.swift */; };
		6DC6757E224BD04E00B795B6 /* ChoiceEvent.swift in Sources */ = {isa = PBXBuildFile; fileRef = 6DC6757D224BD04E00B795B6 /* ChoiceEvent.swift */; };
		6DC67580224BD09700B795B6 /* BattleEvent.swift in Sources */ = {isa = PBXBuildFile; fileRef = 6DC6757F224BD09700B795B6 /* BattleEvent.swift */; };
		6DC67582224BD0FB00B795B6 /* RewardEvent.swift in Sources */ = {isa = PBXBuildFile; fileRef = 6DC67581224BD0FB00B795B6 /* RewardEvent.swift */; };
		6DDF365A225FBAA400391B1D /* HistoriasDelLaberintoTests.swift in Sources */ = {isa = PBXBuildFile; fileRef = 6DDF3659225FBAA400391B1D /* HistoriasDelLaberintoTests.swift */; };
		6DDF3662225FBAD300391B1D /* ModelParsersTests.swift in Sources */ = {isa = PBXBuildFile; fileRef = 6DDF3661225FBAD300391B1D /* ModelParsersTests.swift */; };
		6DDF3668225FBDCD00391B1D /* RoomsFile.swift in Sources */ = {isa = PBXBuildFile; fileRef = 6DDF3667225FBDCD00391B1D /* RoomsFile.swift */; };
		6DE18D0D22981B0D00138012 /* RewardEventFetcher.swift in Sources */ = {isa = PBXBuildFile; fileRef = 6DE18D0C22981B0D00138012 /* RewardEventFetcher.swift */; };
		6DEF06592268866E00A5C454 /* ModuleProvider.swift in Sources */ = {isa = PBXBuildFile; fileRef = 6DEF06582268866E00A5C454 /* ModuleProvider.swift */; };
		6DEF065D2268898100A5C454 /* Dependencies.swift in Sources */ = {isa = PBXBuildFile; fileRef = 6DEF065C2268898100A5C454 /* Dependencies.swift */; };
		6DEF065F22688B5200A5C454 /* BaseModule.swift in Sources */ = {isa = PBXBuildFile; fileRef = 6DEF065E22688B5200A5C454 /* BaseModule.swift */; };
		6DEF066122688C4C00A5C454 /* MainViewController.swift in Sources */ = {isa = PBXBuildFile; fileRef = 6DEF066022688C4C00A5C454 /* MainViewController.swift */; };
/* End PBXBuildFile section */

/* Begin PBXContainerItemProxy section */
		6DDF365C225FBAA400391B1D /* PBXContainerItemProxy */ = {
			isa = PBXContainerItemProxy;
			containerPortal = 6D6DE4AD221DB40600C92B94 /* Project object */;
			proxyType = 1;
			remoteGlobalIDString = 6D6DE4B4221DB40600C92B94;
			remoteInfo = HistoriasDelLaberinto;
		};
/* End PBXContainerItemProxy section */

/* Begin PBXFileReference section */
		6D45AFB62269C5F700906FBB /* RouterProvider.swift */ = {isa = PBXFileReference; lastKnownFileType = sourcecode.swift; path = RouterProvider.swift; sourceTree = "<group>"; };
		6D45B012226A28A900906FBB /* ExampleSceneModule.swift */ = {isa = PBXFileReference; fileEncoding = 4; lastKnownFileType = sourcecode.swift; path = ExampleSceneModule.swift; sourceTree = "<group>"; };
		6D45B013226A28A900906FBB /* ExampleSceneRouter.swift */ = {isa = PBXFileReference; fileEncoding = 4; lastKnownFileType = sourcecode.swift; path = ExampleSceneRouter.swift; sourceTree = "<group>"; };
		6D45B014226A28A900906FBB /* ExampleSceneWorker.swift */ = {isa = PBXFileReference; fileEncoding = 4; lastKnownFileType = sourcecode.swift; path = ExampleSceneWorker.swift; sourceTree = "<group>"; };
		6D45B015226A28A900906FBB /* ExampleSceneModels.swift */ = {isa = PBXFileReference; fileEncoding = 4; lastKnownFileType = sourcecode.swift; path = ExampleSceneModels.swift; sourceTree = "<group>"; };
		6D45B016226A28A900906FBB /* ExampleSceneInteractor.swift */ = {isa = PBXFileReference; fileEncoding = 4; lastKnownFileType = sourcecode.swift; path = ExampleSceneInteractor.swift; sourceTree = "<group>"; };
		6D45B017226A28A900906FBB /* ExampleScenePresenter.swift */ = {isa = PBXFileReference; fileEncoding = 4; lastKnownFileType = sourcecode.swift; path = ExampleScenePresenter.swift; sourceTree = "<group>"; };
		6D45B018226A28A900906FBB /* ExampleScene.storyboard */ = {isa = PBXFileReference; fileEncoding = 4; lastKnownFileType = file.storyboard; path = ExampleScene.storyboard; sourceTree = "<group>"; };
		6D45B019226A28A900906FBB /* ExampleSceneViewController.swift */ = {isa = PBXFileReference; fileEncoding = 4; lastKnownFileType = sourcecode.swift; path = ExampleSceneViewController.swift; sourceTree = "<group>"; };
		6D4B57DB224A9489001779DC /* Room.swift */ = {isa = PBXFileReference; lastKnownFileType = sourcecode.swift; path = Room.swift; sourceTree = "<group>"; };
		6D4B57DD224A9528001779DC /* Action.swift */ = {isa = PBXFileReference; lastKnownFileType = sourcecode.swift; path = Action.swift; sourceTree = "<group>"; };
		6D4B57DF224A9591001779DC /* Condition.swift */ = {isa = PBXFileReference; lastKnownFileType = sourcecode.swift; path = Condition.swift; sourceTree = "<group>"; };
		6D4B57E2224A9621001779DC /* Protagonist.swift */ = {isa = PBXFileReference; lastKnownFileType = sourcecode.swift; path = Protagonist.swift; sourceTree = "<group>"; };
		6D4B57E7224A9A27001779DC /* StatusAilment.swift */ = {isa = PBXFileReference; lastKnownFileType = sourcecode.swift; path = StatusAilment.swift; sourceTree = "<group>"; };
		6D5D8FF5226861FC00D11390 /* BaseViewController.swift */ = {isa = PBXFileReference; lastKnownFileType = sourcecode.swift; path = BaseViewController.swift; sourceTree = "<group>"; };
		6D5D8FF72268620D00D11390 /* ViewCreator.swift */ = {isa = PBXFileReference; fileEncoding = 4; lastKnownFileType = sourcecode.swift; path = ViewCreator.swift; sourceTree = "<group>"; };
		6D5D8FFB226862E500D11390 /* BasePresenter.swift */ = {isa = PBXFileReference; lastKnownFileType = sourcecode.swift; path = BasePresenter.swift; sourceTree = "<group>"; };
		6D5D8FFD2268644800D11390 /* BaseRouter.swift */ = {isa = PBXFileReference; lastKnownFileType = sourcecode.swift; path = BaseRouter.swift; sourceTree = "<group>"; };
		6D6DE4B5221DB40600C92B94 /* HistoriasDelLaberinto.app */ = {isa = PBXFileReference; explicitFileType = wrapper.application; includeInIndex = 0; path = HistoriasDelLaberinto.app; sourceTree = BUILT_PRODUCTS_DIR; };
		6D6DE4B8221DB40600C92B94 /* AppDelegate.swift */ = {isa = PBXFileReference; lastKnownFileType = sourcecode.swift; path = AppDelegate.swift; sourceTree = "<group>"; };
		6D6DE4C2221DB40700C92B94 /* Base */ = {isa = PBXFileReference; lastKnownFileType = file.storyboard; name = Base; path = Base.lproj/LaunchScreen.storyboard; sourceTree = "<group>"; };
		6D6DE4C4221DB40700C92B94 /* Info.plist */ = {isa = PBXFileReference; lastKnownFileType = text.plist.xml; path = Info.plist; sourceTree = "<group>"; };
		6D75802422899D57009A48D7 /* EventTypeFetcher.swift */ = {isa = PBXFileReference; lastKnownFileType = sourcecode.swift; path = EventTypeFetcher.swift; sourceTree = "<group>"; };
		6D81DA2B228B18FE006DF3D0 /* EventsFetcherManager.swift */ = {isa = PBXFileReference; lastKnownFileType = sourcecode.swift; path = EventsFetcherManager.swift; sourceTree = "<group>"; };
		6D823B212267694400522756 /* EventBuilder.swift */ = {isa = PBXFileReference; lastKnownFileType = sourcecode.swift; path = EventBuilder.swift; sourceTree = "<group>"; };
		6D880CD9228ACBF2008D0509 /* loadedGame */ = {isa = PBXFileReference; lastKnownFileType = folder; name = loadedGame; path = ../loadedGame; sourceTree = "<group>"; };
		6D880CDB228ACBF2008D0509 /* CharactersFile.swift */ = {isa = PBXFileReference; lastKnownFileType = sourcecode.swift; path = CharactersFile.swift; sourceTree = "<group>"; };
		6D90B09B225E361500362CDA /* Parser.swift */ = {isa = PBXFileReference; lastKnownFileType = sourcecode.swift; path = Parser.swift; sourceTree = "<group>"; };
		6D90B09D225E383200362CDA /* YamlParser.swift */ = {isa = PBXFileReference; lastKnownFileType = sourcecode.swift; path = YamlParser.swift; sourceTree = "<group>"; };
		6D92508B2268CA9F00F2A3E3 /* BaseInteractor.swift */ = {isa = PBXFileReference; lastKnownFileType = sourcecode.swift; path = BaseInteractor.swift; sourceTree = "<group>"; };
		6D92508F2268CD3000F2A3E3 /* BaseModels.swift */ = {isa = PBXFileReference; lastKnownFileType = sourcecode.swift; path = BaseModels.swift; sourceTree = "<group>"; };
		6D9A45A422874C3D004F4D0C /* Assets.xcassets */ = {isa = PBXFileReference; lastKnownFileType = folder.assetcatalog; path = Assets.xcassets; sourceTree = "<group>"; };
		6D9A45A822874C51004F4D0C /* Base */ = {isa = PBXFileReference; lastKnownFileType = file.storyboard; name = Base; path = Base.lproj/TestView.storyboard; sourceTree = "<group>"; };
		6D9A45A922874C51004F4D0C /* TestViewController.swift */ = {isa = PBXFileReference; fileEncoding = 4; lastKnownFileType = sourcecode.swift; path = TestViewController.swift; sourceTree = "<group>"; };
		6D9A45AD22874D04004F4D0C /* Event.xcdatamodel */ = {isa = PBXFileReference; lastKnownFileType = wrapper.xcdatamodel; path = Event.xcdatamodel; sourceTree = "<group>"; };
		6D9A45AF22875045004F4D0C /* ConditionEvent.swift */ = {isa = PBXFileReference; fileEncoding = 4; lastKnownFileType = sourcecode.swift; path = ConditionEvent.swift; sourceTree = "<group>"; };
		6DA2D24F2267430800D1B8DF /* ItemsFile.swift */ = {isa = PBXFileReference; lastKnownFileType = sourcecode.swift; path = ItemsFile.swift; sourceTree = "<group>"; };
		6DA2D25122674A0100D1B8DF /* EventParser.swift */ = {isa = PBXFileReference; lastKnownFileType = sourcecode.swift; path = EventParser.swift; sourceTree = "<group>"; };
		6DA2D25422674A5700D1B8DF /* EventsFile.swift */ = {isa = PBXFileReference; lastKnownFileType = sourcecode.swift; path = EventsFile.swift; sourceTree = "<group>"; };
		6DA7E37822917CE2005182BA /* ChoiceEventFetcher.swift */ = {isa = PBXFileReference; lastKnownFileType = sourcecode.swift; path = ChoiceEventFetcher.swift; sourceTree = "<group>"; };
		6DB6AD72229AA38300B436D2 /* ConditionEventFetcher.swift */ = {isa = PBXFileReference; fileEncoding = 4; lastKnownFileType = sourcecode.swift; path = ConditionEventFetcher.swift; sourceTree = "<group>"; };
		6DB6AD74229AA61900B436D2 /* BattleEventFetcher.swift */ = {isa = PBXFileReference; lastKnownFileType = sourcecode.swift; path = BattleEventFetcher.swift; sourceTree = "<group>"; };
		6DB9A90B228DB3BE00F90098 /* DialogueEventFetcher.swift */ = {isa = PBXFileReference; lastKnownFileType = sourcecode.swift; path = DialogueEventFetcher.swift; sourceTree = "<group>"; };
		6DBC01A32254FAE4004A97AD /* Item.swift */ = {isa = PBXFileReference; lastKnownFileType = sourcecode.swift; path = Item.swift; sourceTree = "<group>"; };
		6DC67564224BC78400B795B6 /* PlayableCharacter.swift */ = {isa = PBXFileReference; lastKnownFileType = sourcecode.swift; path = PlayableCharacter.swift; sourceTree = "<group>"; };
		6DC67566224BC7A800B795B6 /* ImageRepresentable.swift */ = {isa = PBXFileReference; lastKnownFileType = sourcecode.swift; path = ImageRepresentable.swift; sourceTree = "<group>"; };
		6DC67568224BC81E00B795B6 /* NotPlayableCharacter.swift */ = {isa = PBXFileReference; lastKnownFileType = sourcecode.swift; path = NotPlayableCharacter.swift; sourceTree = "<group>"; };
		6DC6756A224BC85400B795B6 /* GameCharacter.swift */ = {isa = PBXFileReference; fileEncoding = 4; lastKnownFileType = sourcecode.swift; path = GameCharacter.swift; sourceTree = "<group>"; };
		6DC6756F224BC91E00B795B6 /* Weapon.swift */ = {isa = PBXFileReference; lastKnownFileType = sourcecode.swift; path = Weapon.swift; sourceTree = "<group>"; };
		6DC67571224BC99C00B795B6 /* ConsumableItem.swift */ = {isa = PBXFileReference; lastKnownFileType = sourcecode.swift; path = ConsumableItem.swift; sourceTree = "<group>"; };
		6DC67573224BC9E400B795B6 /* KeyItem.swift */ = {isa = PBXFileReference; lastKnownFileType = sourcecode.swift; path = KeyItem.swift; sourceTree = "<group>"; };
		6DC67576224BCB6B00B795B6 /* Event.swift */ = {isa = PBXFileReference; lastKnownFileType = sourcecode.swift; path = Event.swift; sourceTree = "<group>"; };
		6DC67578224BCCE700B795B6 /* DialogueEvent.swift */ = {isa = PBXFileReference; lastKnownFileType = sourcecode.swift; path = DialogueEvent.swift; sourceTree = "<group>"; };
		6DC6757D224BD04E00B795B6 /* ChoiceEvent.swift */ = {isa = PBXFileReference; lastKnownFileType = sourcecode.swift; path = ChoiceEvent.swift; sourceTree = "<group>"; };
		6DC6757F224BD09700B795B6 /* BattleEvent.swift */ = {isa = PBXFileReference; lastKnownFileType = sourcecode.swift; path = BattleEvent.swift; sourceTree = "<group>"; };
		6DC67581224BD0FB00B795B6 /* RewardEvent.swift */ = {isa = PBXFileReference; lastKnownFileType = sourcecode.swift; path = RewardEvent.swift; sourceTree = "<group>"; };
		6DDF3657225FBAA400391B1D /* HistoriasDelLaberintoTests.xctest */ = {isa = PBXFileReference; explicitFileType = wrapper.cfbundle; includeInIndex = 0; path = HistoriasDelLaberintoTests.xctest; sourceTree = BUILT_PRODUCTS_DIR; };
		6DDF3659225FBAA400391B1D /* HistoriasDelLaberintoTests.swift */ = {isa = PBXFileReference; lastKnownFileType = sourcecode.swift; path = HistoriasDelLaberintoTests.swift; sourceTree = "<group>"; };
		6DDF365B225FBAA400391B1D /* Info.plist */ = {isa = PBXFileReference; lastKnownFileType = text.plist.xml; path = Info.plist; sourceTree = "<group>"; };
		6DDF3661225FBAD300391B1D /* ModelParsersTests.swift */ = {isa = PBXFileReference; lastKnownFileType = sourcecode.swift; path = ModelParsersTests.swift; sourceTree = "<group>"; };
		6DDF3667225FBDCD00391B1D /* RoomsFile.swift */ = {isa = PBXFileReference; lastKnownFileType = sourcecode.swift; path = RoomsFile.swift; sourceTree = "<group>"; };
		6DE18D0C22981B0D00138012 /* RewardEventFetcher.swift */ = {isa = PBXFileReference; lastKnownFileType = sourcecode.swift; path = RewardEventFetcher.swift; sourceTree = "<group>"; };
		6DEF06582268866E00A5C454 /* ModuleProvider.swift */ = {isa = PBXFileReference; lastKnownFileType = sourcecode.swift; path = ModuleProvider.swift; sourceTree = "<group>"; };
		6DEF065C2268898100A5C454 /* Dependencies.swift */ = {isa = PBXFileReference; lastKnownFileType = sourcecode.swift; path = Dependencies.swift; sourceTree = "<group>"; };
		6DEF065E22688B5200A5C454 /* BaseModule.swift */ = {isa = PBXFileReference; lastKnownFileType = sourcecode.swift; path = BaseModule.swift; sourceTree = "<group>"; };
		6DEF066022688C4C00A5C454 /* MainViewController.swift */ = {isa = PBXFileReference; lastKnownFileType = sourcecode.swift; path = MainViewController.swift; sourceTree = "<group>"; };
		7233A83E5CB3B122ECDD5D3B /* Pods-HistoriasDelLaberinto.debug.xcconfig */ = {isa = PBXFileReference; includeInIndex = 1; lastKnownFileType = text.xcconfig; name = "Pods-HistoriasDelLaberinto.debug.xcconfig"; path = "Pods/Target Support Files/Pods-HistoriasDelLaberinto/Pods-HistoriasDelLaberinto.debug.xcconfig"; sourceTree = "<group>"; };
		B18D44CD4BED83926DE99D1B /* Pods-HistoriasDelLaberinto.release.xcconfig */ = {isa = PBXFileReference; includeInIndex = 1; lastKnownFileType = text.xcconfig; name = "Pods-HistoriasDelLaberinto.release.xcconfig"; path = "Pods/Target Support Files/Pods-HistoriasDelLaberinto/Pods-HistoriasDelLaberinto.release.xcconfig"; sourceTree = "<group>"; };
		C1FF6F3C6395790C0848EA61 /* Pods_HistoriasDelLaberinto.framework */ = {isa = PBXFileReference; explicitFileType = wrapper.framework; includeInIndex = 0; path = Pods_HistoriasDelLaberinto.framework; sourceTree = BUILT_PRODUCTS_DIR; };
/* End PBXFileReference section */

/* Begin PBXFrameworksBuildPhase section */
		6D6DE4B2221DB40600C92B94 /* Frameworks */ = {
			isa = PBXFrameworksBuildPhase;
			buildActionMask = 2147483647;
			files = (
				28C116A2436248FA3DB4BC92 /* Pods_HistoriasDelLaberinto.framework in Frameworks */,
			);
			runOnlyForDeploymentPostprocessing = 0;
		};
		6DDF3654225FBAA400391B1D /* Frameworks */ = {
			isa = PBXFrameworksBuildPhase;
			buildActionMask = 2147483647;
			files = (
			);
			runOnlyForDeploymentPostprocessing = 0;
		};
/* End PBXFrameworksBuildPhase section */

/* Begin PBXGroup section */
		12089AF208BF496E76A88A5C /* Frameworks */ = {
			isa = PBXGroup;
			children = (
				C1FF6F3C6395790C0848EA61 /* Pods_HistoriasDelLaberinto.framework */,
			);
			name = Frameworks;
			sourceTree = "<group>";
		};
		6D0829FF229AB46F00B13A56 /* events */ = {
			isa = PBXGroup;
			children = (
				6D75802422899D57009A48D7 /* EventTypeFetcher.swift */,
				6DB9A90B228DB3BE00F90098 /* DialogueEventFetcher.swift */,
				6DA7E37822917CE2005182BA /* ChoiceEventFetcher.swift */,
				6DE18D0C22981B0D00138012 /* RewardEventFetcher.swift */,
				6DB6AD72229AA38300B436D2 /* ConditionEventFetcher.swift */,
				6DB6AD74229AA61900B436D2 /* BattleEventFetcher.swift */,
			);
			path = events;
			sourceTree = "<group>";
		};
		6D45B010226A28A900906FBB /* modules */ = {
			isa = PBXGroup;
			children = (
				6D9A45A622874C51004F4D0C /* testController */,
				6D45B011226A28A900906FBB /* exampleScene */,
			);
			path = modules;
			sourceTree = "<group>";
		};
		6D45B011226A28A900906FBB /* exampleScene */ = {
			isa = PBXGroup;
			children = (
				6D45B018226A28A900906FBB /* ExampleScene.storyboard */,
				6D45B016226A28A900906FBB /* ExampleSceneInteractor.swift */,
				6D45B015226A28A900906FBB /* ExampleSceneModels.swift */,
				6D45B012226A28A900906FBB /* ExampleSceneModule.swift */,
				6D45B017226A28A900906FBB /* ExampleScenePresenter.swift */,
				6D45B013226A28A900906FBB /* ExampleSceneRouter.swift */,
				6D45B019226A28A900906FBB /* ExampleSceneViewController.swift */,
				6D45B014226A28A900906FBB /* ExampleSceneWorker.swift */,
			);
			path = exampleScene;
			sourceTree = "<group>";
		};
		6D4B57D9224A93E1001779DC /* domain */ = {
			isa = PBXGroup;
			children = (
				6D81DA2B228B18FE006DF3D0 /* EventsFetcherManager.swift */,
				6D75802322899CC0009A48D7 /* dao */,
				6D9A45A322874C3D004F4D0C /* images */,
				6D4B57E6224A9A15001779DC /* models */,
				6D4B57DA224A93F4001779DC /* parsedTypes */,
			);
			path = domain;
			sourceTree = "<group>";
		};
		6D4B57DA224A93F4001779DC /* parsedTypes */ = {
			isa = PBXGroup;
			children = (
				6DDF3667225FBDCD00391B1D /* RoomsFile.swift */,
				6DA2D25422674A5700D1B8DF /* EventsFile.swift */,
				6DA2D24F2267430800D1B8DF /* ItemsFile.swift */,
				6D880CDB228ACBF2008D0509 /* CharactersFile.swift */,
			);
			path = parsedTypes;
			sourceTree = "<group>";
		};
		6D4B57E1224A95EB001779DC /* room */ = {
			isa = PBXGroup;
			children = (
				6D4B57DB224A9489001779DC /* Room.swift */,
				6D4B57DD224A9528001779DC /* Action.swift */,
				6D4B57DF224A9591001779DC /* Condition.swift */,
			);
			path = room;
			sourceTree = "<group>";
		};
		6D4B57E6224A9A15001779DC /* models */ = {
			isa = PBXGroup;
			children = (
				6DDF3664225FBD8400391B1D /* parser */,
				6DC6756C224BC8BF00B795B6 /* items */,
				6D4B57E1224A95EB001779DC /* room */,
				6DDF3663225FBD6200391B1D /* common */,
				6DC67563224BC76F00B795B6 /* characters */,
				6DC67575224BCB5F00B795B6 /* events */,
			);
			path = models;
			sourceTree = "<group>";
		};
		6D5D8FF4226861F000D11390 /* base */ = {
			isa = PBXGroup;
			children = (
				6D5D8FF5226861FC00D11390 /* BaseViewController.swift */,
				6D5D8FFB226862E500D11390 /* BasePresenter.swift */,
				6D5D8FFD2268644800D11390 /* BaseRouter.swift */,
				6D92508B2268CA9F00F2A3E3 /* BaseInteractor.swift */,
				6D92508F2268CD3000F2A3E3 /* BaseModels.swift */,
				6DEF065E22688B5200A5C454 /* BaseModule.swift */,
			);
			path = base;
			sourceTree = "<group>";
		};
		6D5D8FF92268621200D11390 /* common */ = {
			isa = PBXGroup;
			children = (
				6D5D8FF72268620D00D11390 /* ViewCreator.swift */,
				6DEF066022688C4C00A5C454 /* MainViewController.swift */,
			);
			path = common;
			sourceTree = "<group>";
		};
		6D6DE4AC221DB40600C92B94 = {
			isa = PBXGroup;
			children = (
				6D880CD9228ACBF2008D0509 /* loadedGame */,
				6D6DE4B7221DB40600C92B94 /* HistoriasDelLaberinto */,
				6DDF3658225FBAA400391B1D /* HistoriasDelLaberintoTests */,
				6D6DE4B6221DB40600C92B94 /* Products */,
				86DB7E70A5ECCE502975804F /* Pods */,
				12089AF208BF496E76A88A5C /* Frameworks */,
			);
			sourceTree = "<group>";
		};
		6D6DE4B6221DB40600C92B94 /* Products */ = {
			isa = PBXGroup;
			children = (
				6D6DE4B5221DB40600C92B94 /* HistoriasDelLaberinto.app */,
				6DDF3657225FBAA400391B1D /* HistoriasDelLaberintoTests.xctest */,
			);
			name = Products;
			sourceTree = "<group>";
		};
		6D6DE4B7221DB40600C92B94 /* HistoriasDelLaberinto */ = {
			isa = PBXGroup;
			children = (
				6D4B57D9224A93E1001779DC /* domain */,
				6DEF065A2268893900A5C454 /* iOS */,
				6D45B010226A28A900906FBB /* modules */,
				6D6DE4B8221DB40600C92B94 /* AppDelegate.swift */,
				6D6DE4C1221DB40700C92B94 /* LaunchScreen.storyboard */,
				6D6DE4C4221DB40700C92B94 /* Info.plist */,
			);
			path = HistoriasDelLaberinto;
			sourceTree = "<group>";
		};
		6D75802322899CC0009A48D7 /* dao */ = {
			isa = PBXGroup;
			children = (
				6D0829FF229AB46F00B13A56 /* events */,
				6D9A45AC22874D04004F4D0C /* LoadedGame.xcdatamodeld */,
			);
			path = dao;
			sourceTree = "<group>";
		};
		6D9A45A322874C3D004F4D0C /* images */ = {
			isa = PBXGroup;
			children = (
				6D9A45A422874C3D004F4D0C /* Assets.xcassets */,
			);
			path = images;
			sourceTree = "<group>";
		};
		6D9A45A622874C51004F4D0C /* testController */ = {
			isa = PBXGroup;
			children = (
				6D9A45A722874C51004F4D0C /* TestView.storyboard */,
				6D9A45A922874C51004F4D0C /* TestViewController.swift */,
			);
			path = testController;
			sourceTree = "<group>";
		};
		6DC67563224BC76F00B795B6 /* characters */ = {
			isa = PBXGroup;
			children = (
				6D4B57E7224A9A27001779DC /* StatusAilment.swift */,
				6D4B57E2224A9621001779DC /* Protagonist.swift */,
				6DC6756A224BC85400B795B6 /* GameCharacter.swift */,
				6DC67564224BC78400B795B6 /* PlayableCharacter.swift */,
				6DC67568224BC81E00B795B6 /* NotPlayableCharacter.swift */,
			);
			path = characters;
			sourceTree = "<group>";
		};
		6DC6756C224BC8BF00B795B6 /* items */ = {
			isa = PBXGroup;
			children = (
				6DC6756F224BC91E00B795B6 /* Weapon.swift */,
				6DC67571224BC99C00B795B6 /* ConsumableItem.swift */,
				6DC67573224BC9E400B795B6 /* KeyItem.swift */,
				6DBC01A32254FAE4004A97AD /* Item.swift */,
			);
			path = items;
			sourceTree = "<group>";
		};
		6DC67575224BCB5F00B795B6 /* events */ = {
			isa = PBXGroup;
			children = (
				6DC6757F224BD09700B795B6 /* BattleEvent.swift */,
				6DC6757D224BD04E00B795B6 /* ChoiceEvent.swift */,
				6D9A45AF22875045004F4D0C /* ConditionEvent.swift */,
				6DC67578224BCCE700B795B6 /* DialogueEvent.swift */,
				6DC67576224BCB6B00B795B6 /* Event.swift */,
				6D823B212267694400522756 /* EventBuilder.swift */,
				6DC67581224BD0FB00B795B6 /* RewardEvent.swift */,
			);
			path = events;
			sourceTree = "<group>";
		};
		6DDF3658225FBAA400391B1D /* HistoriasDelLaberintoTests */ = {
			isa = PBXGroup;
			children = (
				6DDF3659225FBAA400391B1D /* HistoriasDelLaberintoTests.swift */,
				6DDF365B225FBAA400391B1D /* Info.plist */,
				6DDF3661225FBAD300391B1D /* ModelParsersTests.swift */,
			);
			path = HistoriasDelLaberintoTests;
			sourceTree = "<group>";
		};
		6DDF3663225FBD6200391B1D /* common */ = {
			isa = PBXGroup;
			children = (
				6DC67566224BC7A800B795B6 /* ImageRepresentable.swift */,
			);
			path = common;
			sourceTree = "<group>";
		};
		6DDF3664225FBD8400391B1D /* parser */ = {
			isa = PBXGroup;
			children = (
				6DA2D25122674A0100D1B8DF /* EventParser.swift */,
				6D90B09B225E361500362CDA /* Parser.swift */,
				6D90B09D225E383200362CDA /* YamlParser.swift */,
			);
			path = parser;
			sourceTree = "<group>";
		};
		6DEF065A2268893900A5C454 /* iOS */ = {
			isa = PBXGroup;
			children = (
				6DEF065B2268894F00A5C454 /* dependencies */,
				6D5D8FF92268621200D11390 /* common */,
				6D5D8FF4226861F000D11390 /* base */,
			);
			path = iOS;
			sourceTree = "<group>";
		};
		6DEF065B2268894F00A5C454 /* dependencies */ = {
			isa = PBXGroup;
			children = (
				6DEF06582268866E00A5C454 /* ModuleProvider.swift */,
				6DEF065C2268898100A5C454 /* Dependencies.swift */,
				6D45AFB62269C5F700906FBB /* RouterProvider.swift */,
			);
			path = dependencies;
			sourceTree = "<group>";
		};
		86DB7E70A5ECCE502975804F /* Pods */ = {
			isa = PBXGroup;
			children = (
				7233A83E5CB3B122ECDD5D3B /* Pods-HistoriasDelLaberinto.debug.xcconfig */,
				B18D44CD4BED83926DE99D1B /* Pods-HistoriasDelLaberinto.release.xcconfig */,
			);
			name = Pods;
			sourceTree = "<group>";
		};
/* End PBXGroup section */

/* Begin PBXNativeTarget section */
		6D6DE4B4221DB40600C92B94 /* HistoriasDelLaberinto */ = {
			isa = PBXNativeTarget;
			buildConfigurationList = 6D6DE4C7221DB40700C92B94 /* Build configuration list for PBXNativeTarget "HistoriasDelLaberinto" */;
			buildPhases = (
				3FC84949EE3A7C1265D29763 /* [CP] Check Pods Manifest.lock */,
				6D6DE4B1221DB40600C92B94 /* Sources */,
				6D6DE4B2221DB40600C92B94 /* Frameworks */,
				6D6DE4B3221DB40600C92B94 /* Resources */,
				CC3D3352818B9673B11A9398 /* [CP] Embed Pods Frameworks */,
				6DC6757A224BCDE800B795B6 /* ShellScript */,
			);
			buildRules = (
			);
			dependencies = (
			);
			name = HistoriasDelLaberinto;
			productName = HistoriasDelLaberinto;
			productReference = 6D6DE4B5221DB40600C92B94 /* HistoriasDelLaberinto.app */;
			productType = "com.apple.product-type.application";
		};
		6DDF3656225FBAA400391B1D /* HistoriasDelLaberintoTests */ = {
			isa = PBXNativeTarget;
			buildConfigurationList = 6DDF365E225FBAA400391B1D /* Build configuration list for PBXNativeTarget "HistoriasDelLaberintoTests" */;
			buildPhases = (
				6DDF3653225FBAA400391B1D /* Sources */,
				6DDF3654225FBAA400391B1D /* Frameworks */,
				6DDF3655225FBAA400391B1D /* Resources */,
			);
			buildRules = (
			);
			dependencies = (
				6DDF365D225FBAA400391B1D /* PBXTargetDependency */,
			);
			name = HistoriasDelLaberintoTests;
			productName = HistoriasDelLaberintoTests;
			productReference = 6DDF3657225FBAA400391B1D /* HistoriasDelLaberintoTests.xctest */;
			productType = "com.apple.product-type.bundle.unit-test";
		};
/* End PBXNativeTarget section */

/* Begin PBXProject section */
		6D6DE4AD221DB40600C92B94 /* Project object */ = {
			isa = PBXProject;
			attributes = {
				LastSwiftUpdateCheck = 1020;
				LastUpgradeCheck = 1010;
				ORGANIZATIONNAME = SetonciOS;
				TargetAttributes = {
					6D6DE4B4221DB40600C92B94 = {
						CreatedOnToolsVersion = 10.1;
						LastSwiftMigration = 1020;
					};
					6DDF3656225FBAA400391B1D = {
						CreatedOnToolsVersion = 10.2;
						TestTargetID = 6D6DE4B4221DB40600C92B94;
					};
				};
			};
			buildConfigurationList = 6D6DE4B0221DB40600C92B94 /* Build configuration list for PBXProject "HistoriasDelLaberinto" */;
			compatibilityVersion = "Xcode 9.3";
			developmentRegion = en;
			hasScannedForEncodings = 0;
			knownRegions = (
				en,
				Base,
			);
			mainGroup = 6D6DE4AC221DB40600C92B94;
			productRefGroup = 6D6DE4B6221DB40600C92B94 /* Products */;
			projectDirPath = "";
			projectRoot = "";
			targets = (
				6D6DE4B4221DB40600C92B94 /* HistoriasDelLaberinto */,
				6DDF3656225FBAA400391B1D /* HistoriasDelLaberintoTests */,
			);
		};
/* End PBXProject section */

/* Begin PBXResourcesBuildPhase section */
		6D6DE4B3221DB40600C92B94 /* Resources */ = {
			isa = PBXResourcesBuildPhase;
			buildActionMask = 2147483647;
			files = (
				6D6DE4C3221DB40700C92B94 /* LaunchScreen.storyboard in Resources */,
				6D45B020226A28A900906FBB /* ExampleScene.storyboard in Resources */,
				6D9A45A522874C3D004F4D0C /* Assets.xcassets in Resources */,
				6D880CDA228ACBF2008D0509 /* loadedGame in Resources */,
				6D9A45AA22874C51004F4D0C /* TestView.storyboard in Resources */,
			);
			runOnlyForDeploymentPostprocessing = 0;
		};
		6DDF3655225FBAA400391B1D /* Resources */ = {
			isa = PBXResourcesBuildPhase;
			buildActionMask = 2147483647;
			files = (
			);
			runOnlyForDeploymentPostprocessing = 0;
		};
/* End PBXResourcesBuildPhase section */

/* Begin PBXShellScriptBuildPhase section */
		3FC84949EE3A7C1265D29763 /* [CP] Check Pods Manifest.lock */ = {
			isa = PBXShellScriptBuildPhase;
			buildActionMask = 2147483647;
			files = (
			);
			inputPaths = (
				"${PODS_PODFILE_DIR_PATH}/Podfile.lock",
				"${PODS_ROOT}/Manifest.lock",
			);
			name = "[CP] Check Pods Manifest.lock";
			outputPaths = (
				"$(DERIVED_FILE_DIR)/Pods-HistoriasDelLaberinto-checkManifestLockResult.txt",
			);
			runOnlyForDeploymentPostprocessing = 0;
			shellPath = /bin/sh;
			shellScript = "diff \"${PODS_PODFILE_DIR_PATH}/Podfile.lock\" \"${PODS_ROOT}/Manifest.lock\" > /dev/null\nif [ $? != 0 ] ; then\n    # print error to STDERR\n    echo \"error: The sandbox is not in sync with the Podfile.lock. Run 'pod install' or update your CocoaPods installation.\" >&2\n    exit 1\nfi\n# This output is used by Xcode 'outputs' to avoid re-running this script phase.\necho \"SUCCESS\" > \"${SCRIPT_OUTPUT_FILE_0}\"\n";
			showEnvVarsInLog = 0;
		};
		6DC6757A224BCDE800B795B6 /* ShellScript */ = {
			isa = PBXShellScriptBuildPhase;
			buildActionMask = 2147483647;
			files = (
			);
			inputFileListPaths = (
			);
			inputPaths = (
			);
			outputFileListPaths = (
			);
			outputPaths = (
			);
			runOnlyForDeploymentPostprocessing = 0;
			shellPath = /bin/sh;
			shellScript = "${PODS_ROOT}/SwiftLint/swiftlint\n";
		};
		CC3D3352818B9673B11A9398 /* [CP] Embed Pods Frameworks */ = {
			isa = PBXShellScriptBuildPhase;
			buildActionMask = 2147483647;
			files = (
			);
			inputPaths = (
				"${SRCROOT}/Pods/Target Support Files/Pods-HistoriasDelLaberinto/Pods-HistoriasDelLaberinto-frameworks.sh",
				"${BUILT_PRODUCTS_DIR}/Yams/Yams.framework",
			);
			name = "[CP] Embed Pods Frameworks";
			outputPaths = (
				"${TARGET_BUILD_DIR}/${FRAMEWORKS_FOLDER_PATH}/Yams.framework",
			);
			runOnlyForDeploymentPostprocessing = 0;
			shellPath = /bin/sh;
			shellScript = "\"${SRCROOT}/Pods/Target Support Files/Pods-HistoriasDelLaberinto/Pods-HistoriasDelLaberinto-frameworks.sh\"\n";
			showEnvVarsInLog = 0;
		};
/* End PBXShellScriptBuildPhase section */

/* Begin PBXSourcesBuildPhase section */
		6D6DE4B1221DB40600C92B94 /* Sources */ = {
			isa = PBXSourcesBuildPhase;
			buildActionMask = 2147483647;
			files = (
				6D9A45AB22874C51004F4D0C /* TestViewController.swift in Sources */,
				6DC67582224BD0FB00B795B6 /* RewardEvent.swift in Sources */,
				6DC67574224BC9E400B795B6 /* KeyItem.swift in Sources */,
				6D5D8FFE2268644800D11390 /* BaseRouter.swift in Sources */,
				6DDF3668225FBDCD00391B1D /* RoomsFile.swift in Sources */,
				6DA2D25522674A5700D1B8DF /* EventsFile.swift in Sources */,
				6DEF065D2268898100A5C454 /* Dependencies.swift in Sources */,
				6D4B57DE224A9528001779DC /* Action.swift in Sources */,
				6D45B01B226A28A900906FBB /* ExampleSceneRouter.swift in Sources */,
				6DC67569224BC81E00B795B6 /* NotPlayableCharacter.swift in Sources */,
				6D823B222267694400522756 /* EventBuilder.swift in Sources */,
				6D90B09E225E383200362CDA /* YamlParser.swift in Sources */,
				6DBC01A42254FAE4004A97AD /* Item.swift in Sources */,
				6DC67579224BCCE700B795B6 /* DialogueEvent.swift in Sources */,
				6DA2D2502267430800D1B8DF /* ItemsFile.swift in Sources */,
				6D5D8FFC226862E500D11390 /* BasePresenter.swift in Sources */,
				6D5D8FF6226861FC00D11390 /* BaseViewController.swift in Sources */,
				6DEF06592268866E00A5C454 /* ModuleProvider.swift in Sources */,
				6DC67580224BD09700B795B6 /* BattleEvent.swift in Sources */,
				6D45AFB72269C5F700906FBB /* RouterProvider.swift in Sources */,
				6D92508C2268CA9F00F2A3E3 /* BaseInteractor.swift in Sources */,
				6DB9A90C228DB3BE00F90098 /* DialogueEventFetcher.swift in Sources */,
				6DC67572224BC99C00B795B6 /* ConsumableItem.swift in Sources */,
				6D45B021226A28A900906FBB /* ExampleSceneViewController.swift in Sources */,
				6D5D8FF82268620D00D11390 /* ViewCreator.swift in Sources */,
				6D81DA2C228B18FE006DF3D0 /* EventsFetcherManager.swift in Sources */,
				6DEF065F22688B5200A5C454 /* BaseModule.swift in Sources */,
				6DC6756B224BC85400B795B6 /* GameCharacter.swift in Sources */,
				6DA7E37922917CE2005182BA /* ChoiceEventFetcher.swift in Sources */,
				6DC67570224BC91E00B795B6 /* Weapon.swift in Sources */,
				6D9A45AE22874D04004F4D0C /* LoadedGame.xcdatamodeld in Sources */,
				6DB6AD75229AA61900B436D2 /* BattleEventFetcher.swift in Sources */,
				6DE18D0D22981B0D00138012 /* RewardEventFetcher.swift in Sources */,
				6DEF066122688C4C00A5C454 /* MainViewController.swift in Sources */,
				6D45B01D226A28A900906FBB /* ExampleSceneModels.swift in Sources */,
				6D90B09C225E361500362CDA /* Parser.swift in Sources */,
				6DC67577224BCB6B00B795B6 /* Event.swift in Sources */,
				6D75802522899D57009A48D7 /* EventTypeFetcher.swift in Sources */,
				6D45B01F226A28A900906FBB /* ExampleScenePresenter.swift in Sources */,
				6D45B01C226A28A900906FBB /* ExampleSceneWorker.swift in Sources */,
				6D4B57E3224A9621001779DC /* Protagonist.swift in Sources */,
				6DC6757E224BD04E00B795B6 /* ChoiceEvent.swift in Sources */,
				6DA2D25222674A0100D1B8DF /* EventParser.swift in Sources */,
				6D9250902268CD3000F2A3E3 /* BaseModels.swift in Sources */,
				6D4B57E8224A9A27001779DC /* StatusAilment.swift in Sources */,
				6D6DE4B9221DB40600C92B94 /* AppDelegate.swift in Sources */,
				6D9A45B022875045004F4D0C /* ConditionEvent.swift in Sources */,
				6D45B01A226A28A900906FBB /* ExampleSceneModule.swift in Sources */,
				6DB6AD73229AA38300B436D2 /* ConditionEventFetcher.swift in Sources */,
				6D4B57DC224A9489001779DC /* Room.swift in Sources */,
				6D45B01E226A28A900906FBB /* ExampleSceneInteractor.swift in Sources */,
				6D4B57E0224A9591001779DC /* Condition.swift in Sources */,
				6DC67567224BC7A800B795B6 /* ImageRepresentable.swift in Sources */,
				6D880CDC228ACBF2008D0509 /* CharactersFile.swift in Sources */,
				6DC67565224BC78400B795B6 /* PlayableCharacter.swift in Sources */,
			);
			runOnlyForDeploymentPostprocessing = 0;
		};
		6DDF3653225FBAA400391B1D /* Sources */ = {
			isa = PBXSourcesBuildPhase;
			buildActionMask = 2147483647;
			files = (
				6DDF3662225FBAD300391B1D /* ModelParsersTests.swift in Sources */,
				6DDF365A225FBAA400391B1D /* HistoriasDelLaberintoTests.swift in Sources */,
			);
			runOnlyForDeploymentPostprocessing = 0;
		};
/* End PBXSourcesBuildPhase section */

/* Begin PBXTargetDependency section */
		6DDF365D225FBAA400391B1D /* PBXTargetDependency */ = {
			isa = PBXTargetDependency;
			target = 6D6DE4B4221DB40600C92B94 /* HistoriasDelLaberinto */;
			targetProxy = 6DDF365C225FBAA400391B1D /* PBXContainerItemProxy */;
		};
/* End PBXTargetDependency section */

/* Begin PBXVariantGroup section */
		6D6DE4C1221DB40700C92B94 /* LaunchScreen.storyboard */ = {
			isa = PBXVariantGroup;
			children = (
				6D6DE4C2221DB40700C92B94 /* Base */,
			);
			name = LaunchScreen.storyboard;
			sourceTree = "<group>";
		};
		6D9A45A722874C51004F4D0C /* TestView.storyboard */ = {
			isa = PBXVariantGroup;
			children = (
				6D9A45A822874C51004F4D0C /* Base */,
			);
			name = TestView.storyboard;
			sourceTree = "<group>";
		};
/* End PBXVariantGroup section */

/* Begin XCBuildConfiguration section */
		6D6DE4C5221DB40700C92B94 /* Debug */ = {
			isa = XCBuildConfiguration;
			buildSettings = {
				ALWAYS_SEARCH_USER_PATHS = NO;
				CLANG_ANALYZER_NONNULL = YES;
				CLANG_ANALYZER_NUMBER_OBJECT_CONVERSION = YES_AGGRESSIVE;
				CLANG_CXX_LANGUAGE_STANDARD = "gnu++14";
				CLANG_CXX_LIBRARY = "libc++";
				CLANG_ENABLE_MODULES = YES;
				CLANG_ENABLE_OBJC_ARC = YES;
				CLANG_ENABLE_OBJC_WEAK = YES;
				CLANG_WARN_BLOCK_CAPTURE_AUTORELEASING = YES;
				CLANG_WARN_BOOL_CONVERSION = YES;
				CLANG_WARN_COMMA = YES;
				CLANG_WARN_CONSTANT_CONVERSION = YES;
				CLANG_WARN_DEPRECATED_OBJC_IMPLEMENTATIONS = YES;
				CLANG_WARN_DIRECT_OBJC_ISA_USAGE = YES_ERROR;
				CLANG_WARN_DOCUMENTATION_COMMENTS = YES;
				CLANG_WARN_EMPTY_BODY = YES;
				CLANG_WARN_ENUM_CONVERSION = YES;
				CLANG_WARN_INFINITE_RECURSION = YES;
				CLANG_WARN_INT_CONVERSION = YES;
				CLANG_WARN_NON_LITERAL_NULL_CONVERSION = YES;
				CLANG_WARN_OBJC_IMPLICIT_RETAIN_SELF = YES;
				CLANG_WARN_OBJC_LITERAL_CONVERSION = YES;
				CLANG_WARN_OBJC_ROOT_CLASS = YES_ERROR;
				CLANG_WARN_RANGE_LOOP_ANALYSIS = YES;
				CLANG_WARN_STRICT_PROTOTYPES = YES;
				CLANG_WARN_SUSPICIOUS_MOVE = YES;
				CLANG_WARN_UNGUARDED_AVAILABILITY = YES_AGGRESSIVE;
				CLANG_WARN_UNREACHABLE_CODE = YES;
				CLANG_WARN__DUPLICATE_METHOD_MATCH = YES;
				CODE_SIGN_IDENTITY = "iPhone Developer";
				COPY_PHASE_STRIP = NO;
				DEBUG_INFORMATION_FORMAT = dwarf;
				ENABLE_STRICT_OBJC_MSGSEND = YES;
				ENABLE_TESTABILITY = YES;
				GCC_C_LANGUAGE_STANDARD = gnu11;
				GCC_DYNAMIC_NO_PIC = NO;
				GCC_NO_COMMON_BLOCKS = YES;
				GCC_OPTIMIZATION_LEVEL = 0;
				GCC_PREPROCESSOR_DEFINITIONS = (
					"DEBUG=1",
					"$(inherited)",
				);
				GCC_WARN_64_TO_32_BIT_CONVERSION = YES;
				GCC_WARN_ABOUT_RETURN_TYPE = YES_ERROR;
				GCC_WARN_UNDECLARED_SELECTOR = YES;
				GCC_WARN_UNINITIALIZED_AUTOS = YES_AGGRESSIVE;
				GCC_WARN_UNUSED_FUNCTION = YES;
				GCC_WARN_UNUSED_VARIABLE = YES;
				IPHONEOS_DEPLOYMENT_TARGET = 12.1;
				MTL_ENABLE_DEBUG_INFO = INCLUDE_SOURCE;
				MTL_FAST_MATH = YES;
				ONLY_ACTIVE_ARCH = YES;
				SDKROOT = iphoneos;
				SWIFT_ACTIVE_COMPILATION_CONDITIONS = DEBUG;
				SWIFT_OPTIMIZATION_LEVEL = "-Onone";
			};
			name = Debug;
		};
		6D6DE4C6221DB40700C92B94 /* Release */ = {
			isa = XCBuildConfiguration;
			buildSettings = {
				ALWAYS_SEARCH_USER_PATHS = NO;
				CLANG_ANALYZER_NONNULL = YES;
				CLANG_ANALYZER_NUMBER_OBJECT_CONVERSION = YES_AGGRESSIVE;
				CLANG_CXX_LANGUAGE_STANDARD = "gnu++14";
				CLANG_CXX_LIBRARY = "libc++";
				CLANG_ENABLE_MODULES = YES;
				CLANG_ENABLE_OBJC_ARC = YES;
				CLANG_ENABLE_OBJC_WEAK = YES;
				CLANG_WARN_BLOCK_CAPTURE_AUTORELEASING = YES;
				CLANG_WARN_BOOL_CONVERSION = YES;
				CLANG_WARN_COMMA = YES;
				CLANG_WARN_CONSTANT_CONVERSION = YES;
				CLANG_WARN_DEPRECATED_OBJC_IMPLEMENTATIONS = YES;
				CLANG_WARN_DIRECT_OBJC_ISA_USAGE = YES_ERROR;
				CLANG_WARN_DOCUMENTATION_COMMENTS = YES;
				CLANG_WARN_EMPTY_BODY = YES;
				CLANG_WARN_ENUM_CONVERSION = YES;
				CLANG_WARN_INFINITE_RECURSION = YES;
				CLANG_WARN_INT_CONVERSION = YES;
				CLANG_WARN_NON_LITERAL_NULL_CONVERSION = YES;
				CLANG_WARN_OBJC_IMPLICIT_RETAIN_SELF = YES;
				CLANG_WARN_OBJC_LITERAL_CONVERSION = YES;
				CLANG_WARN_OBJC_ROOT_CLASS = YES_ERROR;
				CLANG_WARN_RANGE_LOOP_ANALYSIS = YES;
				CLANG_WARN_STRICT_PROTOTYPES = YES;
				CLANG_WARN_SUSPICIOUS_MOVE = YES;
				CLANG_WARN_UNGUARDED_AVAILABILITY = YES_AGGRESSIVE;
				CLANG_WARN_UNREACHABLE_CODE = YES;
				CLANG_WARN__DUPLICATE_METHOD_MATCH = YES;
				CODE_SIGN_IDENTITY = "iPhone Developer";
				COPY_PHASE_STRIP = NO;
				DEBUG_INFORMATION_FORMAT = "dwarf-with-dsym";
				ENABLE_NS_ASSERTIONS = NO;
				ENABLE_STRICT_OBJC_MSGSEND = YES;
				GCC_C_LANGUAGE_STANDARD = gnu11;
				GCC_NO_COMMON_BLOCKS = YES;
				GCC_WARN_64_TO_32_BIT_CONVERSION = YES;
				GCC_WARN_ABOUT_RETURN_TYPE = YES_ERROR;
				GCC_WARN_UNDECLARED_SELECTOR = YES;
				GCC_WARN_UNINITIALIZED_AUTOS = YES_AGGRESSIVE;
				GCC_WARN_UNUSED_FUNCTION = YES;
				GCC_WARN_UNUSED_VARIABLE = YES;
				IPHONEOS_DEPLOYMENT_TARGET = 12.1;
				MTL_ENABLE_DEBUG_INFO = NO;
				MTL_FAST_MATH = YES;
				SDKROOT = iphoneos;
				SWIFT_COMPILATION_MODE = wholemodule;
				SWIFT_OPTIMIZATION_LEVEL = "-O";
				VALIDATE_PRODUCT = YES;
			};
			name = Release;
		};
		6D6DE4C8221DB40700C92B94 /* Debug */ = {
			isa = XCBuildConfiguration;
			baseConfigurationReference = 7233A83E5CB3B122ECDD5D3B /* Pods-HistoriasDelLaberinto.debug.xcconfig */;
			buildSettings = {
				ASSETCATALOG_COMPILER_APPICON_NAME = AppIcon;
				CODE_SIGN_STYLE = Automatic;
				DEVELOPMENT_TEAM = F5GX626K37;
				INFOPLIST_FILE = HistoriasDelLaberinto/Info.plist;
				LD_RUNPATH_SEARCH_PATHS = (
					"$(inherited)",
					"@executable_path/Frameworks",
				);
				PRODUCT_BUNDLE_IDENTIFIER = com.SetonciOS.HistoriasDelLaberinto;
				PRODUCT_NAME = "$(TARGET_NAME)";
				SWIFT_VERSION = 5.0;
				TARGETED_DEVICE_FAMILY = "1,2";
			};
			name = Debug;
		};
		6D6DE4C9221DB40700C92B94 /* Release */ = {
			isa = XCBuildConfiguration;
			baseConfigurationReference = B18D44CD4BED83926DE99D1B /* Pods-HistoriasDelLaberinto.release.xcconfig */;
			buildSettings = {
				ASSETCATALOG_COMPILER_APPICON_NAME = AppIcon;
				CODE_SIGN_STYLE = Automatic;
				DEVELOPMENT_TEAM = F5GX626K37;
				INFOPLIST_FILE = HistoriasDelLaberinto/Info.plist;
				LD_RUNPATH_SEARCH_PATHS = (
					"$(inherited)",
					"@executable_path/Frameworks",
				);
				PRODUCT_BUNDLE_IDENTIFIER = com.SetonciOS.HistoriasDelLaberinto;
				PRODUCT_NAME = "$(TARGET_NAME)";
				SWIFT_VERSION = 5.0;
				TARGETED_DEVICE_FAMILY = "1,2";
			};
			name = Release;
		};
		6DDF365F225FBAA400391B1D /* Debug */ = {
			isa = XCBuildConfiguration;
			buildSettings = {
				BUNDLE_LOADER = "$(TEST_HOST)";
				CODE_SIGN_STYLE = Automatic;
				DEVELOPMENT_TEAM = F5GX626K37;
				INFOPLIST_FILE = HistoriasDelLaberintoTests/Info.plist;
				IPHONEOS_DEPLOYMENT_TARGET = 12.2;
				LD_RUNPATH_SEARCH_PATHS = (
					"$(inherited)",
					"@executable_path/Frameworks",
					"@loader_path/Frameworks",
				);
				PRODUCT_BUNDLE_IDENTIFIER = com.SetonciOS.HistoriasDelLaberintoTests;
				PRODUCT_NAME = "$(TARGET_NAME)";
				SWIFT_VERSION = 5.0;
				TARGETED_DEVICE_FAMILY = "1,2";
				TEST_HOST = "$(BUILT_PRODUCTS_DIR)/HistoriasDelLaberinto.app/HistoriasDelLaberinto";
			};
			name = Debug;
		};
		6DDF3660225FBAA400391B1D /* Release */ = {
			isa = XCBuildConfiguration;
			buildSettings = {
				BUNDLE_LOADER = "$(TEST_HOST)";
				CODE_SIGN_STYLE = Automatic;
				DEVELOPMENT_TEAM = F5GX626K37;
				INFOPLIST_FILE = HistoriasDelLaberintoTests/Info.plist;
				IPHONEOS_DEPLOYMENT_TARGET = 12.2;
				LD_RUNPATH_SEARCH_PATHS = (
					"$(inherited)",
					"@executable_path/Frameworks",
					"@loader_path/Frameworks",
				);
				PRODUCT_BUNDLE_IDENTIFIER = com.SetonciOS.HistoriasDelLaberintoTests;
				PRODUCT_NAME = "$(TARGET_NAME)";
				SWIFT_VERSION = 5.0;
				TARGETED_DEVICE_FAMILY = "1,2";
				TEST_HOST = "$(BUILT_PRODUCTS_DIR)/HistoriasDelLaberinto.app/HistoriasDelLaberinto";
			};
			name = Release;
		};
/* End XCBuildConfiguration section */

/* Begin XCConfigurationList section */
		6D6DE4B0221DB40600C92B94 /* Build configuration list for PBXProject "HistoriasDelLaberinto" */ = {
			isa = XCConfigurationList;
			buildConfigurations = (
				6D6DE4C5221DB40700C92B94 /* Debug */,
				6D6DE4C6221DB40700C92B94 /* Release */,
			);
			defaultConfigurationIsVisible = 0;
			defaultConfigurationName = Release;
		};
		6D6DE4C7221DB40700C92B94 /* Build configuration list for PBXNativeTarget "HistoriasDelLaberinto" */ = {
			isa = XCConfigurationList;
			buildConfigurations = (
				6D6DE4C8221DB40700C92B94 /* Debug */,
				6D6DE4C9221DB40700C92B94 /* Release */,
			);
			defaultConfigurationIsVisible = 0;
			defaultConfigurationName = Release;
		};
		6DDF365E225FBAA400391B1D /* Build configuration list for PBXNativeTarget "HistoriasDelLaberintoTests" */ = {
			isa = XCConfigurationList;
			buildConfigurations = (
				6DDF365F225FBAA400391B1D /* Debug */,
				6DDF3660225FBAA400391B1D /* Release */,
			);
			defaultConfigurationIsVisible = 0;
			defaultConfigurationName = Release;
		};
/* End XCConfigurationList section */

/* Begin XCVersionGroup section */
		6D9A45AC22874D04004F4D0C /* LoadedGame.xcdatamodeld */ = {
			isa = XCVersionGroup;
			children = (
				6D9A45AD22874D04004F4D0C /* Event.xcdatamodel */,
			);
			currentVersion = 6D9A45AD22874D04004F4D0C /* Event.xcdatamodel */;
			path = LoadedGame.xcdatamodeld;
			sourceTree = "<group>";
			versionGroupType = wrapper.xcdatamodel;
		};
/* End XCVersionGroup section */
	};
	rootObject = 6D6DE4AD221DB40600C92B94 /* Project object */;
}
