PODS:
  - SwiftLint (0.32.0)
  - Yams (2.0.0)

DEPENDENCIES:
  - SwiftLint
  - Yams

SPEC REPOS:
  https://github.com/CocoaPods/Specs.git:
    - SwiftLint
    - Yams

SPEC CHECKSUMS:
  SwiftLint: 009a898ef2a1c851f45e1b59349bf6ff2ddc990d
  Yams: cb96472112d99e4b368f8dae9ab62e8a3eb8a3f9

PODFILE CHECKSUM: a1f4b0628071b90aff18e5f3d3f5527e2b4d6147

COCOAPODS: 1.5.0
